// !$*UTF8*$!
{
	archiveVersion = 1;
	classes = {
	};
	objectVersion = 46;
	objects = {

/* Begin PBXBuildFile section */
		7987F3471B86ED2700BB54DB /* Meme.swift in Sources */ = {isa = PBXBuildFile; fileRef = 7987F3461B86ED2700BB54DB /* Meme.swift */; };
		79F736EC1B85920100DC51ED /* AppDelegate.swift in Sources */ = {isa = PBXBuildFile; fileRef = 79F736EB1B85920100DC51ED /* AppDelegate.swift */; };
		79F736EE1B85920100DC51ED /* ViewController.swift in Sources */ = {isa = PBXBuildFile; fileRef = 79F736ED1B85920100DC51ED /* ViewController.swift */; };
		79F736F11B85920100DC51ED /* Main.storyboard in Resources */ = {isa = PBXBuildFile; fileRef = 79F736EF1B85920100DC51ED /* Main.storyboard */; };
		79F736F31B85920100DC51ED /* Images.xcassets in Resources */ = {isa = PBXBuildFile; fileRef = 79F736F21B85920100DC51ED /* Images.xcassets */; };
		79F736F61B85920100DC51ED /* LaunchScreen.xib in Resources */ = {isa = PBXBuildFile; fileRef = 79F736F41B85920100DC51ED /* LaunchScreen.xib */; };
		79F737021B85920100DC51ED /* MemeMeTests.swift in Sources */ = {isa = PBXBuildFile; fileRef = 79F737011B85920100DC51ED /* MemeMeTests.swift */; };
/* End PBXBuildFile section */

/* Begin PBXContainerItemProxy section */
		79F736FC1B85920100DC51ED /* PBXContainerItemProxy */ = {
			isa = PBXContainerItemProxy;
			containerPortal = 79F736DE1B85920100DC51ED /* Project object */;
			proxyType = 1;
			remoteGlobalIDString = 79F736E51B85920100DC51ED;
			remoteInfo = MemeMe;
		};
/* End PBXContainerItemProxy section */

/* Begin PBXFileReference section */
		7987F3461B86ED2700BB54DB /* Meme.swift */ = {isa = PBXFileReference; fileEncoding = 4; lastKnownFileType = sourcecode.swift; path = Meme.swift; sourceTree = "<group>"; };
		79F736E61B85920100DC51ED /* MemeMe.app */ = {isa = PBXFileReference; explicitFileType = wrapper.application; includeInIndex = 0; path = MemeMe.app; sourceTree = BUILT_PRODUCTS_DIR; };
		79F736EA1B85920100DC51ED /* Info.plist */ = {isa = PBXFileReference; lastKnownFileType = text.plist.xml; path = Info.plist; sourceTree = "<group>"; };
		79F736EB1B85920100DC51ED /* AppDelegate.swift */ = {isa = PBXFileReference; lastKnownFileType = sourcecode.swift; path = AppDelegate.swift; sourceTree = "<group>"; };
		79F736ED1B85920100DC51ED /* ViewController.swift */ = {isa = PBXFileReference; lastKnownFileType = sourcecode.swift; path = ViewController.swift; sourceTree = "<group>"; };
		79F736F01B85920100DC51ED /* Base */ = {isa = PBXFileReference; lastKnownFileType = file.storyboard; name = Base; path = Base.lproj/Main.storyboard; sourceTree = "<group>"; };
		79F736F21B85920100DC51ED /* Images.xcassets */ = {isa = PBXFileReference; lastKnownFileType = folder.assetcatalog; path = Images.xcassets; sourceTree = "<group>"; };
		79F736F51B85920100DC51ED /* Base */ = {isa = PBXFileReference; lastKnownFileType = file.xib; name = Base; path = Base.lproj/LaunchScreen.xib; sourceTree = "<group>"; };
		79F736FB1B85920100DC51ED /* MemeMeTests.xctest */ = {isa = PBXFileReference; explicitFileType = wrapper.cfbundle; includeInIndex = 0; path = MemeMeTests.xctest; sourceTree = BUILT_PRODUCTS_DIR; };
		79F737001B85920100DC51ED /* Info.plist */ = {isa = PBXFileReference; lastKnownFileType = text.plist.xml; path = Info.plist; sourceTree = "<group>"; };
		79F737011B85920100DC51ED /* MemeMeTests.swift */ = {isa = PBXFileReference; lastKnownFileType = sourcecode.swift; path = MemeMeTests.swift; sourceTree = "<group>"; };
/* End PBXFileReference section */

/* Begin PBXFrameworksBuildPhase section */
		79F736E31B85920100DC51ED /* Frameworks */ = {
			isa = PBXFrameworksBuildPhase;
			buildActionMask = 2147483647;
			files = (
			);
			runOnlyForDeploymentPostprocessing = 0;
		};
		79F736F81B85920100DC51ED /* Frameworks */ = {
			isa = PBXFrameworksBuildPhase;
			buildActionMask = 2147483647;
			files = (
			);
			runOnlyForDeploymentPostprocessing = 0;
		};
/* End PBXFrameworksBuildPhase section */

/* Begin PBXGroup section */
		79F736DD1B85920100DC51ED = {
			isa = PBXGroup;
			children = (
				79F736E81B85920100DC51ED /* MemeMe */,
				79F736FE1B85920100DC51ED /* MemeMeTests */,
				79F736E71B85920100DC51ED /* Products */,
			);
			sourceTree = "<group>";
		};
		79F736E71B85920100DC51ED /* Products */ = {
			isa = PBXGroup;
			children = (
				79F736E61B85920100DC51ED /* MemeMe.app */,
				79F736FB1B85920100DC51ED /* MemeMeTests.xctest */,
			);
			name = Products;
			sourceTree = "<group>";
		};
		79F736E81B85920100DC51ED /* MemeMe */ = {
			isa = PBXGroup;
			children = (
				79F736EB1B85920100DC51ED /* AppDelegate.swift */,
				79F736ED1B85920100DC51ED /* ViewController.swift */,
				7987F3461B86ED2700BB54DB /* Meme.swift */,
				79F736EF1B85920100DC51ED /* Main.storyboard */,
				79F736F21B85920100DC51ED /* Images.xcassets */,
				79F736F41B85920100DC51ED /* LaunchScreen.xib */,
				79F736E91B85920100DC51ED /* Supporting Files */,
			);
			path = MemeMe;
			sourceTree = "<group>";
		};
		79F736E91B85920100DC51ED /* Supporting Files */ = {
			isa = PBXGroup;
			children = (
				79F736EA1B85920100DC51ED /* Info.plist */,
			);
			name = "Supporting Files";
			sourceTree = "<group>";
		};
		79F736FE1B85920100DC51ED /* MemeMeTests */ = {
			isa = PBXGroup;
			children = (
				79F737011B85920100DC51ED /* MemeMeTests.swift */,
				79F736FF1B85920100DC51ED /* Supporting Files */,
			);
			path = MemeMeTests;
			sourceTree = "<group>";
		};
		79F736FF1B85920100DC51ED /* Supporting Files */ = {
			isa = PBXGroup;
			children = (
				79F737001B85920100DC51ED /* Info.plist */,
			);
			name = "Supporting Files";
			sourceTree = "<group>";
		};
/* End PBXGroup section */

/* Begin PBXNativeTarget section */
		79F736E51B85920100DC51ED /* MemeMe */ = {
			isa = PBXNativeTarget;
			buildConfigurationList = 79F737051B85920100DC51ED /* Build configuration list for PBXNativeTarget "MemeMe" */;
			buildPhases = (
				79F736E21B85920100DC51ED /* Sources */,
				79F736E31B85920100DC51ED /* Frameworks */,
				79F736E41B85920100DC51ED /* Resources */,
			);
			buildRules = (
			);
			dependencies = (
			);
			name = MemeMe;
			productName = MemeMe;
			productReference = 79F736E61B85920100DC51ED /* MemeMe.app */;
			productType = "com.apple.product-type.application";
		};
		79F736FA1B85920100DC51ED /* MemeMeTests */ = {
			isa = PBXNativeTarget;
			buildConfigurationList = 79F737081B85920100DC51ED /* Build configuration list for PBXNativeTarget "MemeMeTests" */;
			buildPhases = (
				79F736F71B85920100DC51ED /* Sources */,
				79F736F81B85920100DC51ED /* Frameworks */,
				79F736F91B85920100DC51ED /* Resources */,
			);
			buildRules = (
			);
			dependencies = (
				79F736FD1B85920100DC51ED /* PBXTargetDependency */,
			);
			name = MemeMeTests;
			productName = MemeMeTests;
			productReference = 79F736FB1B85920100DC51ED /* MemeMeTests.xctest */;
			productType = "com.apple.product-type.bundle.unit-test";
		};
/* End PBXNativeTarget section */

/* Begin PBXProject section */
		79F736DE1B85920100DC51ED /* Project object */ = {
			isa = PBXProject;
			attributes = {
				LastUpgradeCheck = 0640;
				ORGANIZATIONNAME = "Guilherme Carvalho";
				TargetAttributes = {
					79F736E51B85920100DC51ED = {
						CreatedOnToolsVersion = 6.4;
					};
					79F736FA1B85920100DC51ED = {
						CreatedOnToolsVersion = 6.4;
						TestTargetID = 79F736E51B85920100DC51ED;
					};
				};
			};
			buildConfigurationList = 79F736E11B85920100DC51ED /* Build configuration list for PBXProject "MemeMe" */;
			compatibilityVersion = "Xcode 3.2";
			developmentRegion = English;
			hasScannedForEncodings = 0;
			knownRegions = (
				en,
				Base,
			);
			mainGroup = 79F736DD1B85920100DC51ED;
			productRefGroup = 79F736E71B85920100DC51ED /* Products */;
			projectDirPath = "";
			projectRoot = "";
			targets = (
				79F736E51B85920100DC51ED /* MemeMe */,
				79F736FA1B85920100DC51ED /* MemeMeTests */,
			);
		};
/* End PBXProject section */

/* Begin PBXResourcesBuildPhase section */
		79F736E41B85920100DC51ED /* Resources */ = {
			isa = PBXResourcesBuildPhase;
			buildActionMask = 2147483647;
			files = (
				79F736F11B85920100DC51ED /* Main.storyboard in Resources */,
				79F736F61B85920100DC51ED /* LaunchScreen.xib in Resources */,
				79F736F31B85920100DC51ED /* Images.xcassets in Resources */,
			);
			runOnlyForDeploymentPostprocessing = 0;
		};
		79F736F91B85920100DC51ED /* Resources */ = {
			isa = PBXResourcesBuildPhase;
			buildActionMask = 2147483647;
			files = (
			);
			runOnlyForDeploymentPostprocessing = 0;
		};
/* End PBXResourcesBuildPhase section */

/* Begin PBXSourcesBuildPhase section */
		79F736E21B85920100DC51ED /* Sources */ = {
			isa = PBXSourcesBuildPhase;
			buildActionMask = 2147483647;
			files = (
				7987F3471B86ED2700BB54DB /* Meme.swift in Sources */,
				79F736EE1B85920100DC51ED /* ViewController.swift in Sources */,
				79F736EC1B85920100DC51ED /* AppDelegate.swift in Sources */,
			);
			runOnlyForDeploymentPostprocessing = 0;
		};
		79F736F71B85920100DC51ED /* Sources */ = {
			isa = PBXSourcesBuildPhase;
			buildActionMask = 2147483647;
			files = (
				79F737021B85920100DC51ED /* MemeMeTests.swift in Sources */,
			);
			runOnlyForDeploymentPostprocessing = 0;
		};
/* End PBXSourcesBuildPhase section */

/* Begin PBXTargetDependency section */
		79F736FD1B85920100DC51ED /* PBXTargetDependency */ = {
			isa = PBXTargetDependency;
			target = 79F736E51B85920100DC51ED /* MemeMe */;
			targetProxy = 79F736FC1B85920100DC51ED /* PBXContainerItemProxy */;
		};
/* End PBXTargetDependency section */

/* Begin PBXVariantGroup section */
		79F736EF1B85920100DC51ED /* Main.storyboard */ = {
			isa = PBXVariantGroup;
			children = (
				79F736F01B85920100DC51ED /* Base */,
			);
			name = Main.storyboard;
			sourceTree = "<group>";
		};
		79F736F41B85920100DC51ED /* LaunchScreen.xib */ = {
			isa = PBXVariantGroup;
			children = (
				79F736F51B85920100DC51ED /* Base */,
			);
			name = LaunchScreen.xib;
			sourceTree = "<group>";
		};
/* End PBXVariantGroup section */

/* Begin XCBuildConfiguration section */
		79F737031B85920100DC51ED /* Debug */ = {
			isa = XCBuildConfiguration;
			buildSettings = {
				ALWAYS_SEARCH_USER_PATHS = NO;
				CLANG_CXX_LANGUAGE_STANDARD = "gnu++0x";
				CLANG_CXX_LIBRARY = "libc++";
				CLANG_ENABLE_MODULES = YES;
				CLANG_ENABLE_OBJC_ARC = YES;
				CLANG_WARN_BOOL_CONVERSION = YES;
				CLANG_WARN_CONSTANT_CONVERSION = YES;
				CLANG_WARN_DIRECT_OBJC_ISA_USAGE = YES_ERROR;
				CLANG_WARN_EMPTY_BODY = YES;
				CLANG_WARN_ENUM_CONVERSION = YES;
				CLANG_WARN_INT_CONVERSION = YES;
				CLANG_WARN_OBJC_ROOT_CLASS = YES_ERROR;
				CLANG_WARN_UNREACHABLE_CODE = YES;
				CLANG_WARN__DUPLICATE_METHOD_MATCH = YES;
				"CODE_SIGN_IDENTITY[sdk=iphoneos*]" = "iPhone Developer";
				COPY_PHASE_STRIP = NO;
				DEBUG_INFORMATION_FORMAT = "dwarf-with-dsym";
				ENABLE_STRICT_OBJC_MSGSEND = YES;
				GCC_C_LANGUAGE_STANDARD = gnu99;
				GCC_DYNAMIC_NO_PIC = NO;
				GCC_NO_COMMON_BLOCKS = YES;
				GCC_OPTIMIZATION_LEVEL = 0;
				GCC_PREPROCESSOR_DEFINITIONS = (
					"DEBUG=1",
					"$(inherited)",
				);
				GCC_SYMBOLS_PRIVATE_EXTERN = NO;
				GCC_WARN_64_TO_32_BIT_CONVERSION = YES;
				GCC_WARN_ABOUT_RETURN_TYPE = YES_ERROR;
				GCC_WARN_UNDECLARED_SELECTOR = YES;
				GCC_WARN_UNINITIALIZED_AUTOS = YES_AGGRESSIVE;
				GCC_WARN_UNUSED_FUNCTION = YES;
				GCC_WARN_UNUSED_VARIABLE = YES;
				IPHONEOS_DEPLOYMENT_TARGET = 8.4;
				MTL_ENABLE_DEBUG_INFO = YES;
				ONLY_ACTIVE_ARCH = YES;
				SDKROOT = iphoneos;
				SWIFT_OPTIMIZATION_LEVEL = "-Onone";
				TARGETED_DEVICE_FAMILY = "1,2";
			};
			name = Debug;
		};
		79F737041B85920100DC51ED /* Release */ = {
			isa = XCBuildConfiguration;
			buildSettings = {
				ALWAYS_SEARCH_USER_PATHS = NO;
				CLANG_CXX_LANGUAGE_STANDARD = "gnu++0x";
				CLANG_CXX_LIBRARY = "libc++";
				CLANG_ENABLE_MODULES = YES;
				CLANG_ENABLE_OBJC_ARC = YES;
				CLANG_WARN_BOOL_CONVERSION = YES;
				CLANG_WARN_CONSTANT_CONVERSION = YES;
				CLANG_WARN_DIRECT_OBJC_ISA_USAGE = YES_ERROR;
				CLANG_WARN_EMPTY_BODY = YES;
				CLANG_WARN_ENUM_CONVERSION = YES;
				CLANG_WARN_INT_CONVERSION = YES;
				CLANG_WARN_OBJC_ROOT_CLASS = YES_ERROR;
				CLANG_WARN_UNREACHABLE_CODE = YES;
				CLANG_WARN__DUPLICATE_METHOD_MATCH = YES;
				"CODE_SIGN_IDENTITY[sdk=iphoneos*]" = "iPhone Developer";
				COPY_PHASE_STRIP = NO;
				DEBUG_INFORMATION_FORMAT = "dwarf-with-dsym";
				ENABLE_NS_ASSERTIONS = NO;
				ENABLE_STRICT_OBJC_MSGSEND = YES;
				GCC_C_LANGUAGE_STANDARD = gnu99;
				GCC_NO_COMMON_BLOCKS = YES;
				GCC_WARN_64_TO_32_BIT_CONVERSION = YES;
				GCC_WARN_ABOUT_RETURN_TYPE = YES_ERROR;
				GCC_WARN_UNDECLARED_SELECTOR = YES;
				GCC_WARN_UNINITIALIZED_AUTOS = YES_AGGRESSIVE;
				GCC_WARN_UNUSED_FUNCTION = YES;
				GCC_WARN_UNUSED_VARIABLE = YES;
				IPHONEOS_DEPLOYMENT_TARGET = 8.4;
				MTL_ENABLE_DEBUG_INFO = NO;
				SDKROOT = iphoneos;
				TARGETED_DEVICE_FAMILY = "1,2";
				VALIDATE_PRODUCT = YES;
			};
			name = Release;
		};
		79F737061B85920100DC51ED /* Debug */ = {
			isa = XCBuildConfiguration;
			buildSettings = {
				ASSETCATALOG_COMPILER_APPICON_NAME = AppIcon;
				INFOPLIST_FILE = MemeMe/Info.plist;
				LD_RUNPATH_SEARCH_PATHS = "$(inherited) @executable_path/Frameworks";
				PRODUCT_NAME = "$(TARGET_NAME)";
			};
			name = Debug;
		};
		79F737071B85920100DC51ED /* Release */ = {
			isa = XCBuildConfiguration;
			buildSettings = {
				ASSETCATALOG_COMPILER_APPICON_NAME = AppIcon;
				INFOPLIST_FILE = MemeMe/Info.plist;
				LD_RUNPATH_SEARCH_PATHS = "$(inherited) @executable_path/Frameworks";
				PRODUCT_NAME = "$(TARGET_NAME)";
			};
			name = Release;
		};
		79F737091B85920100DC51ED /* Debug */ = {
			isa = XCBuildConfiguration;
			buildSettings = {
				BUNDLE_LOADER = "$(TEST_HOST)";
				FRAMEWORK_SEARCH_PATHS = (
					"$(SDKROOT)/Developer/Library/Frameworks",
					"$(inherited)",
				);
				GCC_PREPROCESSOR_DEFINITIONS = (
					"DEBUG=1",
					"$(inherited)",
				);
				INFOPLIST_FILE = MemeMeTests/Info.plist;
				LD_RUNPATH_SEARCH_PATHS = "$(inherited) @executable_path/Frameworks @loader_path/Frameworks";
				PRODUCT_NAME = "$(TARGET_NAME)";
				TEST_HOST = "$(BUILT_PRODUCTS_DIR)/MemeMe.app/MemeMe";
			};
			name = Debug;
		};
		79F7370A1B85920100DC51ED /* Release */ = {
			isa = XCBuildConfiguration;
			buildSettings = {
				BUNDLE_LOADER = "$(TEST_HOST)";
				FRAMEWORK_SEARCH_PATHS = (
					"$(SDKROOT)/Developer/Library/Frameworks",
					"$(inherited)",
				);
				INFOPLIST_FILE = MemeMeTests/Info.plist;
				LD_RUNPATH_SEARCH_PATHS = "$(inherited) @executable_path/Frameworks @loader_path/Frameworks";
				PRODUCT_NAME = "$(TARGET_NAME)";
				TEST_HOST = "$(BUILT_PRODUCTS_DIR)/MemeMe.app/MemeMe";
			};
			name = Release;
		};
/* End XCBuildConfiguration section */

/* Begin XCConfigurationList section */
		79F736E11B85920100DC51ED /* Build configuration list for PBXProject "MemeMe" */ = {
			isa = XCConfigurationList;
			buildConfigurations = (
				79F737031B85920100DC51ED /* Debug */,
				79F737041B85920100DC51ED /* Release */,
			);
			defaultConfigurationIsVisible = 0;
			defaultConfigurationName = Release;
		};
		79F737051B85920100DC51ED /* Build configuration list for PBXNativeTarget "MemeMe" */ = {
			isa = XCConfigurationList;
			buildConfigurations = (
				79F737061B85920100DC51ED /* Debug */,
				79F737071B85920100DC51ED /* Release */,
			);
			defaultConfigurationIsVisible = 0;
			defaultConfigurationName = Release;
		};
		79F737081B85920100DC51ED /* Build configuration list for PBXNativeTarget "MemeMeTests" */ = {
			isa = XCConfigurationList;
			buildConfigurations = (
				79F737091B85920100DC51ED /* Debug */,
				79F7370A1B85920100DC51ED /* Release */,
			);
			defaultConfigurationIsVisible = 0;
			defaultConfigurationName = Release;
		};
/* End XCConfigurationList section */
	};
	rootObject = 79F736DE1B85920100DC51ED /* Project object */;
}
